
Microsoft Visual Studio Solution File, Format Version 12.00
# Visual Studio 15
VisualStudioVersion = 15.0.28307.572
MinimumVisualStudioVersion = 10.0.40219.1
Project("{FAE04EC0-301F-11D3-BF4B-00C04F79EFBC}") = "MCalculator", "MCalculator\MCalculator.csproj", "{35443C61-2D10-4C52-B471-A88C5C79AC41}"
EndProject
Project("{FAE04EC0-301F-11D3-BF4B-00C04F79EFBC}") = "Library1", "Library1\Library1.csproj", "{1ACAF2E2-2FB9-4139-89AD-343898774F0F}"
EndProject
Global
	GlobalSection(SolutionConfigurationPlatforms) = preSolution
		Debug|Any CPU = Debug|Any CPU
		Release|Any CPU = Release|Any CPU
	EndGlobalSection
	GlobalSection(ProjectConfigurationPlatforms) = postSolution
		{35443C61-2D10-4C52-B471-A88C5C79AC41}.Debug|Any CPU.ActiveCfg = Debug|Any CPU
		{35443C61-2D10-4C52-B471-A88C5C79AC41}.Debug|Any CPU.Build.0 = Debug|Any CPU
		{35443C61-2D10-4C52-B471-A88C5C79AC41}.Release|Any CPU.ActiveCfg = Release|Any CPU
		{35443C61-2D10-4C52-B471-A88C5C79AC41}.Release|Any CPU.Build.0 = Release|Any CPU
		{1ACAF2E2-2FB9-4139-89AD-343898774F0F}.Debug|Any CPU.ActiveCfg = Debug|Any CPU
		{1ACAF2E2-2FB9-4139-89AD-343898774F0F}.Debug|Any CPU.Build.0 = Debug|Any CPU
		{1ACAF2E2-2FB9-4139-89AD-343898774F0F}.Release|Any CPU.ActiveCfg = Release|Any CPU
		{1ACAF2E2-2FB9-4139-89AD-343898774F0F}.Release|Any CPU.Build.0 = Release|Any CPU
	EndGlobalSection
	GlobalSection(SolutionProperties) = preSolution
		HideSolutionNode = FALSE
	EndGlobalSection
	GlobalSection(ExtensibilityGlobals) = postSolution
		SolutionGuid = {ED9DA978-5147-45D9-A806-D0E1DD1A5F8D}
	EndGlobalSection
EndGlobal
